
Microsoft Visual Studio Solution File, Format Version 12.00
# Visual Studio 15
VisualStudioVersion = 15.0.27130.2027
MinimumVisualStudioVersion = 10.0.40219.1
Project("{FAE04EC0-301F-11D3-BF4B-00C04F79EFBC}") = "DevOps_Reg117209", "DevOps_Reg117209\DevOps_Reg117209.csproj", "{9E5DA1E5-F557-4373-A7D5-03FAADF88BFE}"
EndProject
Project("{FAE04EC0-301F-11D3-BF4B-00C04F79EFBC}") = "UnitTestProject_117209", "UnitTestProject_117209\UnitTestProject_117209.csproj", "{47C1480B-3291-4484-AFE6-E722018B8D01}"
EndProject
Global
	GlobalSection(SolutionConfigurationPlatforms) = preSolution
		Debug|Any CPU = Debug|Any CPU
		Release|Any CPU = Release|Any CPU
	EndGlobalSection
	GlobalSection(ProjectConfigurationPlatforms) = postSolution
		{9E5DA1E5-F557-4373-A7D5-03FAADF88BFE}.Debug|Any CPU.ActiveCfg = Debug|Any CPU
		{9E5DA1E5-F557-4373-A7D5-03FAADF88BFE}.Debug|Any CPU.Build.0 = Debug|Any CPU
		{9E5DA1E5-F557-4373-A7D5-03FAADF88BFE}.Release|Any CPU.ActiveCfg = Release|Any CPU
		{9E5DA1E5-F557-4373-A7D5-03FAADF88BFE}.Release|Any CPU.Build.0 = Release|Any CPU
		{47C1480B-3291-4484-AFE6-E722018B8D01}.Debug|Any CPU.ActiveCfg = Debug|Any CPU
		{47C1480B-3291-4484-AFE6-E722018B8D01}.Debug|Any CPU.Build.0 = Debug|Any CPU
		{47C1480B-3291-4484-AFE6-E722018B8D01}.Release|Any CPU.ActiveCfg = Release|Any CPU
		{47C1480B-3291-4484-AFE6-E722018B8D01}.Release|Any CPU.Build.0 = Release|Any CPU
	EndGlobalSection
	GlobalSection(SolutionProperties) = preSolution
		HideSolutionNode = FALSE
	EndGlobalSection
	GlobalSection(ExtensibilityGlobals) = postSolution
		SolutionGuid = {0FE0B862-E00D-4CA9-9069-C6DF93ACA9C1}
	EndGlobalSection
EndGlobal
